<?xml version="1.0" encoding="UTF-8"?>
<Solution>
	<Configurations>
		<BuildType Name="Debug"/>
		<BuildType Name="Release"/>
		<BuildType Name="MinSizeRel"/>
		<BuildType Name="RelWithDebInfo"/>
		<Platform Name="x64"/>
	</Configurations>
	<Project Path="ALL_BUILD.vcxproj" Type="8bc9ceb8-8b4a-11d0-8d11-00a0c91bc942" Id="93057f95-55bf-36db-9d67-4384b9400f43">
		<BuildDependency Project="ZERO_CHECK.vcxproj"/>
		<BuildDependency Project="project.vcxproj"/>
		<Build Solution="Debug|*" Project="false"/>
		<Build Solution="Release|*" Project="false"/>
		<Build Solution="MinSizeRel|*" Project="false"/>
		<Build Solution="RelWithDebInfo|*" Project="false"/>
	</Project>
	<Project Path="ZERO_CHECK.vcxproj" Type="8bc9ceb8-8b4a-11d0-8d11-00a0c91bc942" Id="30a9246a-462b-3827-8eea-5fa256b3ae02"/>
	<Project Path="project.vcxproj" Type="8bc9ceb8-8b4a-11d0-8d11-00a0c91bc942" Id="842682f3-e01b-32f6-848e-abaab8b4cc1a" DefaultStartup="true">
		<BuildDependency Project="ZERO_CHECK.vcxproj"/>
	</Project>
</Solution>
